
Microsoft Visual Studio Solution File, Format Version 12.00
# Visual Studio Version 17
VisualStudioVersion = 17.5.002.0
MinimumVisualStudioVersion = 10.0.40219.1
Project("{9A19103F-16F7-4668-BE54-9A1E7A4F7556}") = "Linq", "Linq.csproj", "{CDF564CF-B309-4397-A95D-F92E85DEE89C}"
EndProject
Global
	GlobalSection(SolutionConfigurationPlatforms) = preSolution
		Debug|Any CPU = Debug|Any CPU
		Release|Any CPU = Release|Any CPU
	EndGlobalSection
	GlobalSection(ProjectConfigurationPlatforms) = postSolution
		{CDF564CF-B309-4397-A95D-F92E85DEE89C}.Debug|Any CPU.ActiveCfg = Debug|Any CPU
		{CDF564CF-B309-4397-A95D-F92E85DEE89C}.Debug|Any CPU.Build.0 = Debug|Any CPU
		{CDF564CF-B309-4397-A95D-F92E85DEE89C}.Release|Any CPU.ActiveCfg = Release|Any CPU
		{CDF564CF-B309-4397-A95D-F92E85DEE89C}.Release|Any CPU.Build.0 = Release|Any CPU
	EndGlobalSection
	GlobalSection(SolutionProperties) = preSolution
		HideSolutionNode = FALSE
	EndGlobalSection
	GlobalSection(ExtensibilityGlobals) = postSolution
		SolutionGuid = {6D4BF772-424C-477A-84CF-A2D644F3B5F6}
	EndGlobalSection
EndGlobal
